
Microsoft Visual Studio Solution File, Format Version 12.00
# Visual Studio Version 17
VisualStudioVersion = 17.1.32421.90
MinimumVisualStudioVersion = 10.0.40219.1
Project("{FAE04EC0-301F-11D3-BF4B-00C04F79EFBC}") = "PruebaAPI1", "PruebaAPI1.csproj", "{F475D37F-BBF5-404D-8CDF-5EE2460E7815}"
EndProject
Global
	GlobalSection(SolutionConfigurationPlatforms) = preSolution
		Debug|Any CPU = Debug|Any CPU
		Release|Any CPU = Release|Any CPU
	EndGlobalSection
	GlobalSection(ProjectConfigurationPlatforms) = postSolution
		{F475D37F-BBF5-404D-8CDF-5EE2460E7815}.Debug|Any CPU.ActiveCfg = Debug|Any CPU
		{F475D37F-BBF5-404D-8CDF-5EE2460E7815}.Debug|Any CPU.Build.0 = Debug|Any CPU
		{F475D37F-BBF5-404D-8CDF-5EE2460E7815}.Release|Any CPU.ActiveCfg = Release|Any CPU
		{F475D37F-BBF5-404D-8CDF-5EE2460E7815}.Release|Any CPU.Build.0 = Release|Any CPU
	EndGlobalSection
	GlobalSection(SolutionProperties) = preSolution
		HideSolutionNode = FALSE
	EndGlobalSection
	GlobalSection(ExtensibilityGlobals) = postSolution
		SolutionGuid = {47B365EF-655D-4B9A-AEBE-2BBE02D1E839}
	EndGlobalSection
EndGlobal
